{
  "name": "my_clock",
  "version": "1.0.0",
  "lockfileVersion": 3,
  "requires": true,
  "packages": {
    "": {
      "name": "my_clock",
      "version": "1.0.0",
      "license": "GPL-3.0",
      "dependencies": {
        "@types/chrome": "^0.0.277"
      },
      "devDependencies": {
        "typescript": "^5.6.2"
      }
    },
    "node_modules/@types/chrome": {
      "version": "0.0.277",
      "resolved": "https://registry.npmjs.org/@types/chrome/-/chrome-0.0.277.tgz",
      "integrity": "sha512-qoTgBcDWblSsX+jvFnpUlLUE3LAuOhZfBh9MyMWMQHDsQiYVgBvdZWu9COrdB9+aNnInEyXcFgfc2HE16sdSYQ==",
      "dependencies": {
        "@types/filesystem": "*",
        "@types/har-format": "*"
      }
    },
    "node_modules/@types/filesystem": {
      "version": "0.0.36",
      "resolved": "https://registry.npmjs.org/@types/filesystem/-/filesystem-0.0.36.tgz",
      "integrity": "sha512-vPDXOZuannb9FZdxgHnqSwAG/jvdGM8Wq+6N4D/d80z+D4HWH+bItqsZaVRQykAn6WEVeEkLm2oQigyHtgb0RA==",
      "dependencies": {
        "@types/filewriter": "*"
      }
    },
    "node_modules/@types/filewriter": {
      "version": "0.0.33",
      "resolved": "https://registry.npmjs.org/@types/filewriter/-/filewriter-0.0.33.tgz",
      "integrity": "sha512-xFU8ZXTw4gd358lb2jw25nxY9QAgqn2+bKKjKOYfNCzN4DKCFetK7sPtrlpg66Ywe3vWY9FNxprZawAh9wfJ3g=="
    },
    "node_modules/@types/har-format": {
      "version": "1.2.16",
      "resolved": "https://registry.npmjs.org/@types/har-format/-/har-format-1.2.16.tgz",
      "integrity": "sha512-fluxdy7ryD3MV6h8pTfTYpy/xQzCFC7m89nOH9y94cNqJ1mDIDPut7MnRHI3F6qRmh/cT2fUjG1MLdCNb4hE9A=="
    },
    "node_modules/typescript": {
      "version": "5.6.2",
      "resolved": "https://registry.npmjs.org/typescript/-/typescript-5.6.2.tgz",
      "integrity": "sha512-NW8ByodCSNCwZeghjN3o+JX5OFH0Ojg6sadjEKY4huZ52TqbJTJnDo5+Tw98lSy63NZvi4n+ez5m2u5d4PkZyw==",
      "dev": true,
      "bin": {
        "tsc": "bin/tsc",
        "tsserver": "bin/tsserver"
      },
      "engines": {
        "node": ">=14.17"
      }
    }
  }
}
